
Microsoft Visual Studio Solution File, Format Version 12.00
# Visual Studio Version 16
VisualStudioVersion = 16.0.32413.511
MinimumVisualStudioVersion = 10.0.40219.1
Project("{FAE04EC0-301F-11D3-BF4B-00C04F79EFBC}") = "DDDarchitect.Api", "DDDarchitect.Api\DDDarchitect.Api.csproj", "{EF819189-8459-4B4E-B1A1-894DF47E7487}"
EndProject
Project("{FAE04EC0-301F-11D3-BF4B-00C04F79EFBC}") = "DDDarchitect.Domain", "DDDarchitect.Domain\DDDarchitect.Domain.csproj", "{87DB471E-23C3-43D9-AAC5-2F14D9288F37}"
EndProject
Project("{FAE04EC0-301F-11D3-BF4B-00C04F79EFBC}") = "DDDarchitect.Persistence", "DDDarchitect.Persistence\DDDarchitect.Persistence.csproj", "{142BD8BB-2D4F-4250-8D01-1C265BCA3F07}"
EndProject
Global
	GlobalSection(SolutionConfigurationPlatforms) = preSolution
		Debug|Any CPU = Debug|Any CPU
		Release|Any CPU = Release|Any CPU
	EndGlobalSection
	GlobalSection(ProjectConfigurationPlatforms) = postSolution
		{EF819189-8459-4B4E-B1A1-894DF47E7487}.Debug|Any CPU.ActiveCfg = Debug|Any CPU
		{EF819189-8459-4B4E-B1A1-894DF47E7487}.Debug|Any CPU.Build.0 = Debug|Any CPU
		{EF819189-8459-4B4E-B1A1-894DF47E7487}.Release|Any CPU.ActiveCfg = Release|Any CPU
		{EF819189-8459-4B4E-B1A1-894DF47E7487}.Release|Any CPU.Build.0 = Release|Any CPU
		{87DB471E-23C3-43D9-AAC5-2F14D9288F37}.Debug|Any CPU.ActiveCfg = Debug|Any CPU
		{87DB471E-23C3-43D9-AAC5-2F14D9288F37}.Debug|Any CPU.Build.0 = Debug|Any CPU
		{87DB471E-23C3-43D9-AAC5-2F14D9288F37}.Release|Any CPU.ActiveCfg = Release|Any CPU
		{87DB471E-23C3-43D9-AAC5-2F14D9288F37}.Release|Any CPU.Build.0 = Release|Any CPU
		{142BD8BB-2D4F-4250-8D01-1C265BCA3F07}.Debug|Any CPU.ActiveCfg = Debug|Any CPU
		{142BD8BB-2D4F-4250-8D01-1C265BCA3F07}.Debug|Any CPU.Build.0 = Debug|Any CPU
		{142BD8BB-2D4F-4250-8D01-1C265BCA3F07}.Release|Any CPU.ActiveCfg = Release|Any CPU
		{142BD8BB-2D4F-4250-8D01-1C265BCA3F07}.Release|Any CPU.Build.0 = Release|Any CPU
	EndGlobalSection
	GlobalSection(SolutionProperties) = preSolution
		HideSolutionNode = FALSE
	EndGlobalSection
	GlobalSection(ExtensibilityGlobals) = postSolution
		SolutionGuid = {0ECD9B60-27E5-4DC3-A63E-C69A3B349309}
	EndGlobalSection
EndGlobal
